// !$*UTF8*$!
{
	archiveVersion = 1;
	classes = {
	};
	objectVersion = 46;
	objects = {

/* Begin PBXBuildFile section */
		1890D1991B4658AF00147523 /* AppDelegate.swift in Sources */ = {isa = PBXBuildFile; fileRef = 1890D1981B4658AF00147523 /* AppDelegate.swift */; };
		1890D19B1B4658AF00147523 /* ViewController.swift in Sources */ = {isa = PBXBuildFile; fileRef = 1890D19A1B4658AF00147523 /* ViewController.swift */; };
		1890D19E1B4658AF00147523 /* Main.storyboard in Resources */ = {isa = PBXBuildFile; fileRef = 1890D19C1B4658AF00147523 /* Main.storyboard */; };
		1890D1A01B4658AF00147523 /* Images.xcassets in Resources */ = {isa = PBXBuildFile; fileRef = 1890D19F1B4658AF00147523 /* Images.xcassets */; };
		1890D1AF1B4658AF00147523 /* SwiftClassP2C12Tests.swift in Sources */ = {isa = PBXBuildFile; fileRef = 1890D1AE1B4658AF00147523 /* SwiftClassP2C12Tests.swift */; };
		1890D1BB1B46590700147523 /* AddressBook.framework in Frameworks */ = {isa = PBXBuildFile; fileRef = 1890D1B91B46590700147523 /* AddressBook.framework */; };
		1890D1BC1B46590700147523 /* AddressBookUI.framework in Frameworks */ = {isa = PBXBuildFile; fileRef = 1890D1BA1B46590700147523 /* AddressBookUI.framework */; };
		1890D1BE1B465EA400147523 /* MessageUI.framework in Frameworks */ = {isa = PBXBuildFile; fileRef = 1890D1BD1B465EA400147523 /* MessageUI.framework */; };
/* End PBXBuildFile section */

/* Begin PBXContainerItemProxy section */
		1890D1A91B4658AF00147523 /* PBXContainerItemProxy */ = {
			isa = PBXContainerItemProxy;
			containerPortal = 1890D18B1B4658AF00147523 /* Project object */;
			proxyType = 1;
			remoteGlobalIDString = 1890D1921B4658AF00147523;
			remoteInfo = SwiftClassP2C12;
		};
/* End PBXContainerItemProxy section */

/* Begin PBXFileReference section */
		1890D1931B4658AF00147523 /* SwiftClassP2C12.app */ = {isa = PBXFileReference; explicitFileType = wrapper.application; includeInIndex = 0; path = SwiftClassP2C12.app; sourceTree = BUILT_PRODUCTS_DIR; };
		1890D1971B4658AF00147523 /* Info.plist */ = {isa = PBXFileReference; lastKnownFileType = text.plist.xml; path = Info.plist; sourceTree = "<group>"; };
		1890D1981B4658AF00147523 /* AppDelegate.swift */ = {isa = PBXFileReference; lastKnownFileType = sourcecode.swift; path = AppDelegate.swift; sourceTree = "<group>"; };
		1890D19A1B4658AF00147523 /* ViewController.swift */ = {isa = PBXFileReference; lastKnownFileType = sourcecode.swift; path = ViewController.swift; sourceTree = "<group>"; };
		1890D19D1B4658AF00147523 /* Base */ = {isa = PBXFileReference; lastKnownFileType = file.storyboard; name = Base; path = Base.lproj/Main.storyboard; sourceTree = "<group>"; };
		1890D19F1B4658AF00147523 /* Images.xcassets */ = {isa = PBXFileReference; lastKnownFileType = folder.assetcatalog; path = Images.xcassets; sourceTree = "<group>"; };
		1890D1A81B4658AF00147523 /* SwiftClassP2C12Tests.xctest */ = {isa = PBXFileReference; explicitFileType = wrapper.cfbundle; includeInIndex = 0; path = SwiftClassP2C12Tests.xctest; sourceTree = BUILT_PRODUCTS_DIR; };
		1890D1AD1B4658AF00147523 /* Info.plist */ = {isa = PBXFileReference; lastKnownFileType = text.plist.xml; path = Info.plist; sourceTree = "<group>"; };
		1890D1AE1B4658AF00147523 /* SwiftClassP2C12Tests.swift */ = {isa = PBXFileReference; lastKnownFileType = sourcecode.swift; path = SwiftClassP2C12Tests.swift; sourceTree = "<group>"; };
		1890D1B91B46590700147523 /* AddressBook.framework */ = {isa = PBXFileReference; lastKnownFileType = wrapper.framework; name = AddressBook.framework; path = System/Library/Frameworks/AddressBook.framework; sourceTree = SDKROOT; };
		1890D1BA1B46590700147523 /* AddressBookUI.framework */ = {isa = PBXFileReference; lastKnownFileType = wrapper.framework; name = AddressBookUI.framework; path = System/Library/Frameworks/AddressBookUI.framework; sourceTree = SDKROOT; };
		1890D1BD1B465EA400147523 /* MessageUI.framework */ = {isa = PBXFileReference; lastKnownFileType = wrapper.framework; name = MessageUI.framework; path = System/Library/Frameworks/MessageUI.framework; sourceTree = SDKROOT; };
/* End PBXFileReference section */

/* Begin PBXFrameworksBuildPhase section */
		1890D1901B4658AF00147523 /* Frameworks */ = {
			isa = PBXFrameworksBuildPhase;
			buildActionMask = 2147483647;
			files = (
				1890D1BE1B465EA400147523 /* MessageUI.framework in Frameworks */,
				1890D1BB1B46590700147523 /* AddressBook.framework in Frameworks */,
				1890D1BC1B46590700147523 /* AddressBookUI.framework in Frameworks */,
			);
			runOnlyForDeploymentPostprocessing = 0;
		};
		1890D1A51B4658AF00147523 /* Frameworks */ = {
			isa = PBXFrameworksBuildPhase;
			buildActionMask = 2147483647;
			files = (
			);
			runOnlyForDeploymentPostprocessing = 0;
		};
/* End PBXFrameworksBuildPhase section */

/* Begin PBXGroup section */
		1890D18A1B4658AF00147523 = {
			isa = PBXGroup;
			children = (
				1890D1951B4658AF00147523 /* SwiftClassP2C12 */,
				1890D1AB1B4658AF00147523 /* SwiftClassP2C12Tests */,
				1890D1941B4658AF00147523 /* Products */,
			);
			sourceTree = "<group>";
		};
		1890D1941B4658AF00147523 /* Products */ = {
			isa = PBXGroup;
			children = (
				1890D1931B4658AF00147523 /* SwiftClassP2C12.app */,
				1890D1A81B4658AF00147523 /* SwiftClassP2C12Tests.xctest */,
			);
			name = Products;
			sourceTree = "<group>";
		};
		1890D1951B4658AF00147523 /* SwiftClassP2C12 */ = {
			isa = PBXGroup;
			children = (
				1890D1B81B4658F500147523 /* Framework */,
				1890D1981B4658AF00147523 /* AppDelegate.swift */,
				1890D19A1B4658AF00147523 /* ViewController.swift */,
				1890D19C1B4658AF00147523 /* Main.storyboard */,
				1890D19F1B4658AF00147523 /* Images.xcassets */,
				1890D1961B4658AF00147523 /* Supporting Files */,
			);
			path = SwiftClassP2C12;
			sourceTree = "<group>";
		};
		1890D1961B4658AF00147523 /* Supporting Files */ = {
			isa = PBXGroup;
			children = (
				1890D1971B4658AF00147523 /* Info.plist */,
			);
			name = "Supporting Files";
			sourceTree = "<group>";
		};
		1890D1AB1B4658AF00147523 /* SwiftClassP2C12Tests */ = {
			isa = PBXGroup;
			children = (
				1890D1AE1B4658AF00147523 /* SwiftClassP2C12Tests.swift */,
				1890D1AC1B4658AF00147523 /* Supporting Files */,
			);
			path = SwiftClassP2C12Tests;
			sourceTree = "<group>";
		};
		1890D1AC1B4658AF00147523 /* Supporting Files */ = {
			isa = PBXGroup;
			children = (
				1890D1AD1B4658AF00147523 /* Info.plist */,
			);
			name = "Supporting Files";
			sourceTree = "<group>";
		};
		1890D1B81B4658F500147523 /* Framework */ = {
			isa = PBXGroup;
			children = (
				1890D1BD1B465EA400147523 /* MessageUI.framework */,
				1890D1B91B46590700147523 /* AddressBook.framework */,
				1890D1BA1B46590700147523 /* AddressBookUI.framework */,
			);
			name = Framework;
			sourceTree = "<group>";
		};
/* End PBXGroup section */

/* Begin PBXNativeTarget section */
		1890D1921B4658AF00147523 /* SwiftClassP2C12 */ = {
			isa = PBXNativeTarget;
			buildConfigurationList = 1890D1B21B4658AF00147523 /* Build configuration list for PBXNativeTarget "SwiftClassP2C12" */;
			buildPhases = (
				1890D18F1B4658AF00147523 /* Sources */,
				1890D1901B4658AF00147523 /* Frameworks */,
				1890D1911B4658AF00147523 /* Resources */,
			);
			buildRules = (
			);
			dependencies = (
			);
			name = SwiftClassP2C12;
			productName = SwiftClassP2C12;
			productReference = 1890D1931B4658AF00147523 /* SwiftClassP2C12.app */;
			productType = "com.apple.product-type.application";
		};
		1890D1A71B4658AF00147523 /* SwiftClassP2C12Tests */ = {
			isa = PBXNativeTarget;
			buildConfigurationList = 1890D1B51B4658AF00147523 /* Build configuration list for PBXNativeTarget "SwiftClassP2C12Tests" */;
			buildPhases = (
				1890D1A41B4658AF00147523 /* Sources */,
				1890D1A51B4658AF00147523 /* Frameworks */,
				1890D1A61B4658AF00147523 /* Resources */,
			);
			buildRules = (
			);
			dependencies = (
				1890D1AA1B4658AF00147523 /* PBXTargetDependency */,
			);
			name = SwiftClassP2C12Tests;
			productName = SwiftClassP2C12Tests;
			productReference = 1890D1A81B4658AF00147523 /* SwiftClassP2C12Tests.xctest */;
			productType = "com.apple.product-type.bundle.unit-test";
		};
/* End PBXNativeTarget section */

/* Begin PBXProject section */
		1890D18B1B4658AF00147523 /* Project object */ = {
			isa = PBXProject;
			attributes = {
				LastUpgradeCheck = 0630;
				ORGANIZATIONNAME = lh;
				TargetAttributes = {
					1890D1921B4658AF00147523 = {
						CreatedOnToolsVersion = 6.3.1;
					};
					1890D1A71B4658AF00147523 = {
						CreatedOnToolsVersion = 6.3.1;
						TestTargetID = 1890D1921B4658AF00147523;
					};
				};
			};
			buildConfigurationList = 1890D18E1B4658AF00147523 /* Build configuration list for PBXProject "SwiftClassP2C12" */;
			compatibilityVersion = "Xcode 3.2";
			developmentRegion = English;
			hasScannedForEncodings = 0;
			knownRegions = (
				en,
				Base,
			);
			mainGroup = 1890D18A1B4658AF00147523;
			productRefGroup = 1890D1941B4658AF00147523 /* Products */;
			projectDirPath = "";
			projectRoot = "";
			targets = (
				1890D1921B4658AF00147523 /* SwiftClassP2C12 */,
				1890D1A71B4658AF00147523 /* SwiftClassP2C12Tests */,
			);
		};
/* End PBXProject section */

/* Begin PBXResourcesBuildPhase section */
		1890D1911B4658AF00147523 /* Resources */ = {
			isa = PBXResourcesBuildPhase;
			buildActionMask = 2147483647;
			files = (
				1890D19E1B4658AF00147523 /* Main.storyboard in Resources */,
				1890D1A01B4658AF00147523 /* Images.xcassets in Resources */,
			);
			runOnlyForDeploymentPostprocessing = 0;
		};
		1890D1A61B4658AF00147523 /* Resources */ = {
			isa = PBXResourcesBuildPhase;
			buildActionMask = 2147483647;
			files = (
			);
			runOnlyForDeploymentPostprocessing = 0;
		};
/* End PBXResourcesBuildPhase section */

/* Begin PBXSourcesBuildPhase section */
		1890D18F1B4658AF00147523 /* Sources */ = {
			isa = PBXSourcesBuildPhase;
			buildActionMask = 2147483647;
			files = (
				1890D19B1B4658AF00147523 /* ViewController.swift in Sources */,
				1890D1991B4658AF00147523 /* AppDelegate.swift in Sources */,
			);
			runOnlyForDeploymentPostprocessing = 0;
		};
		1890D1A41B4658AF00147523 /* Sources */ = {
			isa = PBXSourcesBuildPhase;
			buildActionMask = 2147483647;
			files = (
				1890D1AF1B4658AF00147523 /* SwiftClassP2C12Tests.swift in Sources */,
			);
			runOnlyForDeploymentPostprocessing = 0;
		};
/* End PBXSourcesBuildPhase section */

/* Begin PBXTargetDependency section */
		1890D1AA1B4658AF00147523 /* PBXTargetDependency */ = {
			isa = PBXTargetDependency;
			target = 1890D1921B4658AF00147523 /* SwiftClassP2C12 */;
			targetProxy = 1890D1A91B4658AF00147523 /* PBXContainerItemProxy */;
		};
/* End PBXTargetDependency section */

/* Begin PBXVariantGroup section */
		1890D19C1B4658AF00147523 /* Main.storyboard */ = {
			isa = PBXVariantGroup;
			children = (
				1890D19D1B4658AF00147523 /* Base */,
			);
			name = Main.storyboard;
			sourceTree = "<group>";
		};
/* End PBXVariantGroup section */

/* Begin XCBuildConfiguration section */
		1890D1B01B4658AF00147523 /* Debug */ = {
			isa = XCBuildConfiguration;
			buildSettings = {
				ALWAYS_SEARCH_USER_PATHS = NO;
				CLANG_CXX_LANGUAGE_STANDARD = "gnu++0x";
				CLANG_CXX_LIBRARY = "libc++";
				CLANG_ENABLE_MODULES = YES;
				CLANG_ENABLE_OBJC_ARC = YES;
				CLANG_WARN_BOOL_CONVERSION = YES;
				CLANG_WARN_CONSTANT_CONVERSION = YES;
				CLANG_WARN_DIRECT_OBJC_ISA_USAGE = YES_ERROR;
				CLANG_WARN_EMPTY_BODY = YES;
				CLANG_WARN_ENUM_CONVERSION = YES;
				CLANG_WARN_INT_CONVERSION = YES;
				CLANG_WARN_OBJC_ROOT_CLASS = YES_ERROR;
				CLANG_WARN_UNREACHABLE_CODE = YES;
				CLANG_WARN__DUPLICATE_METHOD_MATCH = YES;
				"CODE_SIGN_IDENTITY[sdk=iphoneos*]" = "iPhone Developer";
				COPY_PHASE_STRIP = NO;
				DEBUG_INFORMATION_FORMAT = "dwarf-with-dsym";
				ENABLE_STRICT_OBJC_MSGSEND = YES;
				GCC_C_LANGUAGE_STANDARD = gnu99;
				GCC_DYNAMIC_NO_PIC = NO;
				GCC_NO_COMMON_BLOCKS = YES;
				GCC_OPTIMIZATION_LEVEL = 0;
				GCC_PREPROCESSOR_DEFINITIONS = (
					"DEBUG=1",
					"$(inherited)",
				);
				GCC_SYMBOLS_PRIVATE_EXTERN = NO;
				GCC_WARN_64_TO_32_BIT_CONVERSION = YES;
				GCC_WARN_ABOUT_RETURN_TYPE = YES_ERROR;
				GCC_WARN_UNDECLARED_SELECTOR = YES;
				GCC_WARN_UNINITIALIZED_AUTOS = YES_AGGRESSIVE;
				GCC_WARN_UNUSED_FUNCTION = YES;
				GCC_WARN_UNUSED_VARIABLE = YES;
				IPHONEOS_DEPLOYMENT_TARGET = 8.3;
				MTL_ENABLE_DEBUG_INFO = YES;
				ONLY_ACTIVE_ARCH = YES;
				SDKROOT = iphoneos;
				SWIFT_OPTIMIZATION_LEVEL = "-Onone";
			};
			name = Debug;
		};
		1890D1B11B4658AF00147523 /* Release */ = {
			isa = XCBuildConfiguration;
			buildSettings = {
				ALWAYS_SEARCH_USER_PATHS = NO;
				CLANG_CXX_LANGUAGE_STANDARD = "gnu++0x";
				CLANG_CXX_LIBRARY = "libc++";
				CLANG_ENABLE_MODULES = YES;
				CLANG_ENABLE_OBJC_ARC = YES;
				CLANG_WARN_BOOL_CONVERSION = YES;
				CLANG_WARN_CONSTANT_CONVERSION = YES;
				CLANG_WARN_DIRECT_OBJC_ISA_USAGE = YES_ERROR;
				CLANG_WARN_EMPTY_BODY = YES;
				CLANG_WARN_ENUM_CONVERSION = YES;
				CLANG_WARN_INT_CONVERSION = YES;
				CLANG_WARN_OBJC_ROOT_CLASS = YES_ERROR;
				CLANG_WARN_UNREACHABLE_CODE = YES;
				CLANG_WARN__DUPLICATE_METHOD_MATCH = YES;
				"CODE_SIGN_IDENTITY[sdk=iphoneos*]" = "iPhone Developer";
				COPY_PHASE_STRIP = NO;
				DEBUG_INFORMATION_FORMAT = "dwarf-with-dsym";
				ENABLE_NS_ASSERTIONS = NO;
				ENABLE_STRICT_OBJC_MSGSEND = YES;
				GCC_C_LANGUAGE_STANDARD = gnu99;
				GCC_NO_COMMON_BLOCKS = YES;
				GCC_WARN_64_TO_32_BIT_CONVERSION = YES;
				GCC_WARN_ABOUT_RETURN_TYPE = YES_ERROR;
				GCC_WARN_UNDECLARED_SELECTOR = YES;
				GCC_WARN_UNINITIALIZED_AUTOS = YES_AGGRESSIVE;
				GCC_WARN_UNUSED_FUNCTION = YES;
				GCC_WARN_UNUSED_VARIABLE = YES;
				IPHONEOS_DEPLOYMENT_TARGET = 8.3;
				MTL_ENABLE_DEBUG_INFO = NO;
				SDKROOT = iphoneos;
				VALIDATE_PRODUCT = YES;
			};
			name = Release;
		};
		1890D1B31B4658AF00147523 /* Debug */ = {
			isa = XCBuildConfiguration;
			buildSettings = {
				ASSETCATALOG_COMPILER_APPICON_NAME = AppIcon;
				ASSETCATALOG_COMPILER_LAUNCHIMAGE_NAME = LaunchImage;
				INFOPLIST_FILE = SwiftClassP2C12/Info.plist;
				LD_RUNPATH_SEARCH_PATHS = "$(inherited) @executable_path/Frameworks";
				PRODUCT_NAME = "$(TARGET_NAME)";
			};
			name = Debug;
		};
		1890D1B41B4658AF00147523 /* Release */ = {
			isa = XCBuildConfiguration;
			buildSettings = {
				ASSETCATALOG_COMPILER_APPICON_NAME = AppIcon;
				ASSETCATALOG_COMPILER_LAUNCHIMAGE_NAME = LaunchImage;
				INFOPLIST_FILE = SwiftClassP2C12/Info.plist;
				LD_RUNPATH_SEARCH_PATHS = "$(inherited) @executable_path/Frameworks";
				PRODUCT_NAME = "$(TARGET_NAME)";
			};
			name = Release;
		};
		1890D1B61B4658AF00147523 /* Debug */ = {
			isa = XCBuildConfiguration;
			buildSettings = {
				BUNDLE_LOADER = "$(TEST_HOST)";
				FRAMEWORK_SEARCH_PATHS = (
					"$(SDKROOT)/Developer/Library/Frameworks",
					"$(inherited)",
				);
				GCC_PREPROCESSOR_DEFINITIONS = (
					"DEBUG=1",
					"$(inherited)",
				);
				INFOPLIST_FILE = SwiftClassP2C12Tests/Info.plist;
				LD_RUNPATH_SEARCH_PATHS = "$(inherited) @executable_path/Frameworks @loader_path/Frameworks";
				PRODUCT_NAME = "$(TARGET_NAME)";
				TEST_HOST = "$(BUILT_PRODUCTS_DIR)/SwiftClassP2C12.app/SwiftClassP2C12";
			};
			name = Debug;
		};
		1890D1B71B4658AF00147523 /* Release */ = {
			isa = XCBuildConfiguration;
			buildSettings = {
				BUNDLE_LOADER = "$(TEST_HOST)";
				FRAMEWORK_SEARCH_PATHS = (
					"$(SDKROOT)/Developer/Library/Frameworks",
					"$(inherited)",
				);
				INFOPLIST_FILE = SwiftClassP2C12Tests/Info.plist;
				LD_RUNPATH_SEARCH_PATHS = "$(inherited) @executable_path/Frameworks @loader_path/Frameworks";
				PRODUCT_NAME = "$(TARGET_NAME)";
				TEST_HOST = "$(BUILT_PRODUCTS_DIR)/SwiftClassP2C12.app/SwiftClassP2C12";
			};
			name = Release;
		};
/* End XCBuildConfiguration section */

/* Begin XCConfigurationList section */
		1890D18E1B4658AF00147523 /* Build configuration list for PBXProject "SwiftClassP2C12" */ = {
			isa = XCConfigurationList;
			buildConfigurations = (
				1890D1B01B4658AF00147523 /* Debug */,
				1890D1B11B4658AF00147523 /* Release */,
			);
			defaultConfigurationIsVisible = 0;
			defaultConfigurationName = Release;
		};
		1890D1B21B4658AF00147523 /* Build configuration list for PBXNativeTarget "SwiftClassP2C12" */ = {
			isa = XCConfigurationList;
			buildConfigurations = (
				1890D1B31B4658AF00147523 /* Debug */,
				1890D1B41B4658AF00147523 /* Release */,
			);
			defaultConfigurationIsVisible = 0;
		};
		1890D1B51B4658AF00147523 /* Build configuration list for PBXNativeTarget "SwiftClassP2C12Tests" */ = {
			isa = XCConfigurationList;
			buildConfigurations = (
				1890D1B61B4658AF00147523 /* Debug */,
				1890D1B71B4658AF00147523 /* Release */,
			);
			defaultConfigurationIsVisible = 0;
		};
/* End XCConfigurationList section */
	};
	rootObject = 1890D18B1B4658AF00147523 /* Project object */;
}
