// !$*UTF8*$!
{
	archiveVersion = 1;
	classes = {
	};
	objectVersion = 46;
	objects = {

/* Begin PBXBuildFile section */
		185433BD1B422FA0009F4B6C /* AppDelegate.swift in Sources */ = {isa = PBXBuildFile; fileRef = 185433BC1B422FA0009F4B6C /* AppDelegate.swift */; };
		185433BF1B422FA0009F4B6C /* ViewController.swift in Sources */ = {isa = PBXBuildFile; fileRef = 185433BE1B422FA0009F4B6C /* ViewController.swift */; };
		185433C21B422FA0009F4B6C /* Main.storyboard in Resources */ = {isa = PBXBuildFile; fileRef = 185433C01B422FA0009F4B6C /* Main.storyboard */; };
		185433C41B422FA0009F4B6C /* Images.xcassets in Resources */ = {isa = PBXBuildFile; fileRef = 185433C31B422FA0009F4B6C /* Images.xcassets */; };
		185433D31B422FA0009F4B6C /* SwiftClassP2C10Tests.swift in Sources */ = {isa = PBXBuildFile; fileRef = 185433D21B422FA0009F4B6C /* SwiftClassP2C10Tests.swift */; };
		185433DE1B42303E009F4B6C /* CoreMotion.framework in Frameworks */ = {isa = PBXBuildFile; fileRef = 185433DD1B42303E009F4B6C /* CoreMotion.framework */; };
/* End PBXBuildFile section */

/* Begin PBXContainerItemProxy section */
		185433CD1B422FA0009F4B6C /* PBXContainerItemProxy */ = {
			isa = PBXContainerItemProxy;
			containerPortal = 185433AF1B422FA0009F4B6C /* Project object */;
			proxyType = 1;
			remoteGlobalIDString = 185433B61B422FA0009F4B6C;
			remoteInfo = SwiftClassP2C10;
		};
/* End PBXContainerItemProxy section */

/* Begin PBXFileReference section */
		185433B71B422FA0009F4B6C /* SwiftClassP2C10.app */ = {isa = PBXFileReference; explicitFileType = wrapper.application; includeInIndex = 0; path = SwiftClassP2C10.app; sourceTree = BUILT_PRODUCTS_DIR; };
		185433BB1B422FA0009F4B6C /* Info.plist */ = {isa = PBXFileReference; lastKnownFileType = text.plist.xml; path = Info.plist; sourceTree = "<group>"; };
		185433BC1B422FA0009F4B6C /* AppDelegate.swift */ = {isa = PBXFileReference; lastKnownFileType = sourcecode.swift; path = AppDelegate.swift; sourceTree = "<group>"; };
		185433BE1B422FA0009F4B6C /* ViewController.swift */ = {isa = PBXFileReference; lastKnownFileType = sourcecode.swift; path = ViewController.swift; sourceTree = "<group>"; };
		185433C11B422FA0009F4B6C /* Base */ = {isa = PBXFileReference; lastKnownFileType = file.storyboard; name = Base; path = Base.lproj/Main.storyboard; sourceTree = "<group>"; };
		185433C31B422FA0009F4B6C /* Images.xcassets */ = {isa = PBXFileReference; lastKnownFileType = folder.assetcatalog; path = Images.xcassets; sourceTree = "<group>"; };
		185433CC1B422FA0009F4B6C /* SwiftClassP2C10Tests.xctest */ = {isa = PBXFileReference; explicitFileType = wrapper.cfbundle; includeInIndex = 0; path = SwiftClassP2C10Tests.xctest; sourceTree = BUILT_PRODUCTS_DIR; };
		185433D11B422FA0009F4B6C /* Info.plist */ = {isa = PBXFileReference; lastKnownFileType = text.plist.xml; path = Info.plist; sourceTree = "<group>"; };
		185433D21B422FA0009F4B6C /* SwiftClassP2C10Tests.swift */ = {isa = PBXFileReference; lastKnownFileType = sourcecode.swift; path = SwiftClassP2C10Tests.swift; sourceTree = "<group>"; };
		185433DD1B42303E009F4B6C /* CoreMotion.framework */ = {isa = PBXFileReference; lastKnownFileType = wrapper.framework; name = CoreMotion.framework; path = System/Library/Frameworks/CoreMotion.framework; sourceTree = SDKROOT; };
/* End PBXFileReference section */

/* Begin PBXFrameworksBuildPhase section */
		185433B41B422FA0009F4B6C /* Frameworks */ = {
			isa = PBXFrameworksBuildPhase;
			buildActionMask = 2147483647;
			files = (
				185433DE1B42303E009F4B6C /* CoreMotion.framework in Frameworks */,
			);
			runOnlyForDeploymentPostprocessing = 0;
		};
		185433C91B422FA0009F4B6C /* Frameworks */ = {
			isa = PBXFrameworksBuildPhase;
			buildActionMask = 2147483647;
			files = (
			);
			runOnlyForDeploymentPostprocessing = 0;
		};
/* End PBXFrameworksBuildPhase section */

/* Begin PBXGroup section */
		185433AE1B422FA0009F4B6C = {
			isa = PBXGroup;
			children = (
				185433B91B422FA0009F4B6C /* SwiftClassP2C10 */,
				185433CF1B422FA0009F4B6C /* SwiftClassP2C10Tests */,
				185433B81B422FA0009F4B6C /* Products */,
			);
			sourceTree = "<group>";
		};
		185433B81B422FA0009F4B6C /* Products */ = {
			isa = PBXGroup;
			children = (
				185433B71B422FA0009F4B6C /* SwiftClassP2C10.app */,
				185433CC1B422FA0009F4B6C /* SwiftClassP2C10Tests.xctest */,
			);
			name = Products;
			sourceTree = "<group>";
		};
		185433B91B422FA0009F4B6C /* SwiftClassP2C10 */ = {
			isa = PBXGroup;
			children = (
				185433DC1B42302C009F4B6C /* Framework */,
				185433BC1B422FA0009F4B6C /* AppDelegate.swift */,
				185433BE1B422FA0009F4B6C /* ViewController.swift */,
				185433C01B422FA0009F4B6C /* Main.storyboard */,
				185433C31B422FA0009F4B6C /* Images.xcassets */,
				185433BA1B422FA0009F4B6C /* Supporting Files */,
			);
			path = SwiftClassP2C10;
			sourceTree = "<group>";
		};
		185433BA1B422FA0009F4B6C /* Supporting Files */ = {
			isa = PBXGroup;
			children = (
				185433BB1B422FA0009F4B6C /* Info.plist */,
			);
			name = "Supporting Files";
			sourceTree = "<group>";
		};
		185433CF1B422FA0009F4B6C /* SwiftClassP2C10Tests */ = {
			isa = PBXGroup;
			children = (
				185433D21B422FA0009F4B6C /* SwiftClassP2C10Tests.swift */,
				185433D01B422FA0009F4B6C /* Supporting Files */,
			);
			path = SwiftClassP2C10Tests;
			sourceTree = "<group>";
		};
		185433D01B422FA0009F4B6C /* Supporting Files */ = {
			isa = PBXGroup;
			children = (
				185433D11B422FA0009F4B6C /* Info.plist */,
			);
			name = "Supporting Files";
			sourceTree = "<group>";
		};
		185433DC1B42302C009F4B6C /* Framework */ = {
			isa = PBXGroup;
			children = (
				185433DD1B42303E009F4B6C /* CoreMotion.framework */,
			);
			name = Framework;
			sourceTree = "<group>";
		};
/* End PBXGroup section */

/* Begin PBXNativeTarget section */
		185433B61B422FA0009F4B6C /* SwiftClassP2C10 */ = {
			isa = PBXNativeTarget;
			buildConfigurationList = 185433D61B422FA0009F4B6C /* Build configuration list for PBXNativeTarget "SwiftClassP2C10" */;
			buildPhases = (
				185433B31B422FA0009F4B6C /* Sources */,
				185433B41B422FA0009F4B6C /* Frameworks */,
				185433B51B422FA0009F4B6C /* Resources */,
			);
			buildRules = (
			);
			dependencies = (
			);
			name = SwiftClassP2C10;
			productName = SwiftClassP2C10;
			productReference = 185433B71B422FA0009F4B6C /* SwiftClassP2C10.app */;
			productType = "com.apple.product-type.application";
		};
		185433CB1B422FA0009F4B6C /* SwiftClassP2C10Tests */ = {
			isa = PBXNativeTarget;
			buildConfigurationList = 185433D91B422FA0009F4B6C /* Build configuration list for PBXNativeTarget "SwiftClassP2C10Tests" */;
			buildPhases = (
				185433C81B422FA0009F4B6C /* Sources */,
				185433C91B422FA0009F4B6C /* Frameworks */,
				185433CA1B422FA0009F4B6C /* Resources */,
			);
			buildRules = (
			);
			dependencies = (
				185433CE1B422FA0009F4B6C /* PBXTargetDependency */,
			);
			name = SwiftClassP2C10Tests;
			productName = SwiftClassP2C10Tests;
			productReference = 185433CC1B422FA0009F4B6C /* SwiftClassP2C10Tests.xctest */;
			productType = "com.apple.product-type.bundle.unit-test";
		};
/* End PBXNativeTarget section */

/* Begin PBXProject section */
		185433AF1B422FA0009F4B6C /* Project object */ = {
			isa = PBXProject;
			attributes = {
				LastUpgradeCheck = 0630;
				ORGANIZATIONNAME = lh;
				TargetAttributes = {
					185433B61B422FA0009F4B6C = {
						CreatedOnToolsVersion = 6.3.1;
					};
					185433CB1B422FA0009F4B6C = {
						CreatedOnToolsVersion = 6.3.1;
						TestTargetID = 185433B61B422FA0009F4B6C;
					};
				};
			};
			buildConfigurationList = 185433B21B422FA0009F4B6C /* Build configuration list for PBXProject "SwiftClassP2C10" */;
			compatibilityVersion = "Xcode 3.2";
			developmentRegion = English;
			hasScannedForEncodings = 0;
			knownRegions = (
				en,
				Base,
			);
			mainGroup = 185433AE1B422FA0009F4B6C;
			productRefGroup = 185433B81B422FA0009F4B6C /* Products */;
			projectDirPath = "";
			projectRoot = "";
			targets = (
				185433B61B422FA0009F4B6C /* SwiftClassP2C10 */,
				185433CB1B422FA0009F4B6C /* SwiftClassP2C10Tests */,
			);
		};
/* End PBXProject section */

/* Begin PBXResourcesBuildPhase section */
		185433B51B422FA0009F4B6C /* Resources */ = {
			isa = PBXResourcesBuildPhase;
			buildActionMask = 2147483647;
			files = (
				185433C21B422FA0009F4B6C /* Main.storyboard in Resources */,
				185433C41B422FA0009F4B6C /* Images.xcassets in Resources */,
			);
			runOnlyForDeploymentPostprocessing = 0;
		};
		185433CA1B422FA0009F4B6C /* Resources */ = {
			isa = PBXResourcesBuildPhase;
			buildActionMask = 2147483647;
			files = (
			);
			runOnlyForDeploymentPostprocessing = 0;
		};
/* End PBXResourcesBuildPhase section */

/* Begin PBXSourcesBuildPhase section */
		185433B31B422FA0009F4B6C /* Sources */ = {
			isa = PBXSourcesBuildPhase;
			buildActionMask = 2147483647;
			files = (
				185433BF1B422FA0009F4B6C /* ViewController.swift in Sources */,
				185433BD1B422FA0009F4B6C /* AppDelegate.swift in Sources */,
			);
			runOnlyForDeploymentPostprocessing = 0;
		};
		185433C81B422FA0009F4B6C /* Sources */ = {
			isa = PBXSourcesBuildPhase;
			buildActionMask = 2147483647;
			files = (
				185433D31B422FA0009F4B6C /* SwiftClassP2C10Tests.swift in Sources */,
			);
			runOnlyForDeploymentPostprocessing = 0;
		};
/* End PBXSourcesBuildPhase section */

/* Begin PBXTargetDependency section */
		185433CE1B422FA0009F4B6C /* PBXTargetDependency */ = {
			isa = PBXTargetDependency;
			target = 185433B61B422FA0009F4B6C /* SwiftClassP2C10 */;
			targetProxy = 185433CD1B422FA0009F4B6C /* PBXContainerItemProxy */;
		};
/* End PBXTargetDependency section */

/* Begin PBXVariantGroup section */
		185433C01B422FA0009F4B6C /* Main.storyboard */ = {
			isa = PBXVariantGroup;
			children = (
				185433C11B422FA0009F4B6C /* Base */,
			);
			name = Main.storyboard;
			sourceTree = "<group>";
		};
/* End PBXVariantGroup section */

/* Begin XCBuildConfiguration section */
		185433D41B422FA0009F4B6C /* Debug */ = {
			isa = XCBuildConfiguration;
			buildSettings = {
				ALWAYS_SEARCH_USER_PATHS = NO;
				CLANG_CXX_LANGUAGE_STANDARD = "gnu++0x";
				CLANG_CXX_LIBRARY = "libc++";
				CLANG_ENABLE_MODULES = YES;
				CLANG_ENABLE_OBJC_ARC = YES;
				CLANG_WARN_BOOL_CONVERSION = YES;
				CLANG_WARN_CONSTANT_CONVERSION = YES;
				CLANG_WARN_DIRECT_OBJC_ISA_USAGE = YES_ERROR;
				CLANG_WARN_EMPTY_BODY = YES;
				CLANG_WARN_ENUM_CONVERSION = YES;
				CLANG_WARN_INT_CONVERSION = YES;
				CLANG_WARN_OBJC_ROOT_CLASS = YES_ERROR;
				CLANG_WARN_UNREACHABLE_CODE = YES;
				CLANG_WARN__DUPLICATE_METHOD_MATCH = YES;
				"CODE_SIGN_IDENTITY[sdk=iphoneos*]" = "iPhone Developer";
				COPY_PHASE_STRIP = NO;
				DEBUG_INFORMATION_FORMAT = "dwarf-with-dsym";
				ENABLE_STRICT_OBJC_MSGSEND = YES;
				GCC_C_LANGUAGE_STANDARD = gnu99;
				GCC_DYNAMIC_NO_PIC = NO;
				GCC_NO_COMMON_BLOCKS = YES;
				GCC_OPTIMIZATION_LEVEL = 0;
				GCC_PREPROCESSOR_DEFINITIONS = (
					"DEBUG=1",
					"$(inherited)",
				);
				GCC_SYMBOLS_PRIVATE_EXTERN = NO;
				GCC_WARN_64_TO_32_BIT_CONVERSION = YES;
				GCC_WARN_ABOUT_RETURN_TYPE = YES_ERROR;
				GCC_WARN_UNDECLARED_SELECTOR = YES;
				GCC_WARN_UNINITIALIZED_AUTOS = YES_AGGRESSIVE;
				GCC_WARN_UNUSED_FUNCTION = YES;
				GCC_WARN_UNUSED_VARIABLE = YES;
				IPHONEOS_DEPLOYMENT_TARGET = 8.3;
				MTL_ENABLE_DEBUG_INFO = YES;
				ONLY_ACTIVE_ARCH = YES;
				SDKROOT = iphoneos;
				SWIFT_OPTIMIZATION_LEVEL = "-Onone";
			};
			name = Debug;
		};
		185433D51B422FA0009F4B6C /* Release */ = {
			isa = XCBuildConfiguration;
			buildSettings = {
				ALWAYS_SEARCH_USER_PATHS = NO;
				CLANG_CXX_LANGUAGE_STANDARD = "gnu++0x";
				CLANG_CXX_LIBRARY = "libc++";
				CLANG_ENABLE_MODULES = YES;
				CLANG_ENABLE_OBJC_ARC = YES;
				CLANG_WARN_BOOL_CONVERSION = YES;
				CLANG_WARN_CONSTANT_CONVERSION = YES;
				CLANG_WARN_DIRECT_OBJC_ISA_USAGE = YES_ERROR;
				CLANG_WARN_EMPTY_BODY = YES;
				CLANG_WARN_ENUM_CONVERSION = YES;
				CLANG_WARN_INT_CONVERSION = YES;
				CLANG_WARN_OBJC_ROOT_CLASS = YES_ERROR;
				CLANG_WARN_UNREACHABLE_CODE = YES;
				CLANG_WARN__DUPLICATE_METHOD_MATCH = YES;
				"CODE_SIGN_IDENTITY[sdk=iphoneos*]" = "iPhone Developer";
				COPY_PHASE_STRIP = NO;
				DEBUG_INFORMATION_FORMAT = "dwarf-with-dsym";
				ENABLE_NS_ASSERTIONS = NO;
				ENABLE_STRICT_OBJC_MSGSEND = YES;
				GCC_C_LANGUAGE_STANDARD = gnu99;
				GCC_NO_COMMON_BLOCKS = YES;
				GCC_WARN_64_TO_32_BIT_CONVERSION = YES;
				GCC_WARN_ABOUT_RETURN_TYPE = YES_ERROR;
				GCC_WARN_UNDECLARED_SELECTOR = YES;
				GCC_WARN_UNINITIALIZED_AUTOS = YES_AGGRESSIVE;
				GCC_WARN_UNUSED_FUNCTION = YES;
				GCC_WARN_UNUSED_VARIABLE = YES;
				IPHONEOS_DEPLOYMENT_TARGET = 8.3;
				MTL_ENABLE_DEBUG_INFO = NO;
				SDKROOT = iphoneos;
				VALIDATE_PRODUCT = YES;
			};
			name = Release;
		};
		185433D71B422FA0009F4B6C /* Debug */ = {
			isa = XCBuildConfiguration;
			buildSettings = {
				ASSETCATALOG_COMPILER_APPICON_NAME = AppIcon;
				ASSETCATALOG_COMPILER_LAUNCHIMAGE_NAME = LaunchImage;
				INFOPLIST_FILE = SwiftClassP2C10/Info.plist;
				LD_RUNPATH_SEARCH_PATHS = "$(inherited) @executable_path/Frameworks";
				PRODUCT_NAME = "$(TARGET_NAME)";
			};
			name = Debug;
		};
		185433D81B422FA0009F4B6C /* Release */ = {
			isa = XCBuildConfiguration;
			buildSettings = {
				ASSETCATALOG_COMPILER_APPICON_NAME = AppIcon;
				ASSETCATALOG_COMPILER_LAUNCHIMAGE_NAME = LaunchImage;
				INFOPLIST_FILE = SwiftClassP2C10/Info.plist;
				LD_RUNPATH_SEARCH_PATHS = "$(inherited) @executable_path/Frameworks";
				PRODUCT_NAME = "$(TARGET_NAME)";
			};
			name = Release;
		};
		185433DA1B422FA0009F4B6C /* Debug */ = {
			isa = XCBuildConfiguration;
			buildSettings = {
				BUNDLE_LOADER = "$(TEST_HOST)";
				FRAMEWORK_SEARCH_PATHS = (
					"$(SDKROOT)/Developer/Library/Frameworks",
					"$(inherited)",
				);
				GCC_PREPROCESSOR_DEFINITIONS = (
					"DEBUG=1",
					"$(inherited)",
				);
				INFOPLIST_FILE = SwiftClassP2C10Tests/Info.plist;
				LD_RUNPATH_SEARCH_PATHS = "$(inherited) @executable_path/Frameworks @loader_path/Frameworks";
				PRODUCT_NAME = "$(TARGET_NAME)";
				TEST_HOST = "$(BUILT_PRODUCTS_DIR)/SwiftClassP2C10.app/SwiftClassP2C10";
			};
			name = Debug;
		};
		185433DB1B422FA0009F4B6C /* Release */ = {
			isa = XCBuildConfiguration;
			buildSettings = {
				BUNDLE_LOADER = "$(TEST_HOST)";
				FRAMEWORK_SEARCH_PATHS = (
					"$(SDKROOT)/Developer/Library/Frameworks",
					"$(inherited)",
				);
				INFOPLIST_FILE = SwiftClassP2C10Tests/Info.plist;
				LD_RUNPATH_SEARCH_PATHS = "$(inherited) @executable_path/Frameworks @loader_path/Frameworks";
				PRODUCT_NAME = "$(TARGET_NAME)";
				TEST_HOST = "$(BUILT_PRODUCTS_DIR)/SwiftClassP2C10.app/SwiftClassP2C10";
			};
			name = Release;
		};
/* End XCBuildConfiguration section */

/* Begin XCConfigurationList section */
		185433B21B422FA0009F4B6C /* Build configuration list for PBXProject "SwiftClassP2C10" */ = {
			isa = XCConfigurationList;
			buildConfigurations = (
				185433D41B422FA0009F4B6C /* Debug */,
				185433D51B422FA0009F4B6C /* Release */,
			);
			defaultConfigurationIsVisible = 0;
			defaultConfigurationName = Release;
		};
		185433D61B422FA0009F4B6C /* Build configuration list for PBXNativeTarget "SwiftClassP2C10" */ = {
			isa = XCConfigurationList;
			buildConfigurations = (
				185433D71B422FA0009F4B6C /* Debug */,
				185433D81B422FA0009F4B6C /* Release */,
			);
			defaultConfigurationIsVisible = 0;
		};
		185433D91B422FA0009F4B6C /* Build configuration list for PBXNativeTarget "SwiftClassP2C10Tests" */ = {
			isa = XCConfigurationList;
			buildConfigurations = (
				185433DA1B422FA0009F4B6C /* Debug */,
				185433DB1B422FA0009F4B6C /* Release */,
			);
			defaultConfigurationIsVisible = 0;
		};
/* End XCConfigurationList section */
	};
	rootObject = 185433AF1B422FA0009F4B6C /* Project object */;
}
