// !$*UTF8*$!
{
	archiveVersion = 1;
	classes = {
	};
	objectVersion = 46;
	objects = {

/* Begin PBXBuildFile section */
		1841D29F1B311B440057915B /* AppDelegate.swift in Sources */ = {isa = PBXBuildFile; fileRef = 1841D29E1B311B440057915B /* AppDelegate.swift */; };
		1841D2A11B311B440057915B /* ViewController.swift in Sources */ = {isa = PBXBuildFile; fileRef = 1841D2A01B311B440057915B /* ViewController.swift */; };
		1841D2A41B311B440057915B /* Main.storyboard in Resources */ = {isa = PBXBuildFile; fileRef = 1841D2A21B311B440057915B /* Main.storyboard */; };
		1841D2A61B311B440057915B /* Images.xcassets in Resources */ = {isa = PBXBuildFile; fileRef = 1841D2A51B311B440057915B /* Images.xcassets */; };
		1841D2B51B311B450057915B /* SwiftClassP2C6Tests.swift in Sources */ = {isa = PBXBuildFile; fileRef = 1841D2B41B311B450057915B /* SwiftClassP2C6Tests.swift */; };
		1841D2BF1B311D650057915B /* View.swift in Sources */ = {isa = PBXBuildFile; fileRef = 1841D2BE1B311D650057915B /* View.swift */; };
		1841D2C11B3122CA0057915B /* GestureRecognizerViewController.swift in Sources */ = {isa = PBXBuildFile; fileRef = 1841D2C01B3122CA0057915B /* GestureRecognizerViewController.swift */; };
/* End PBXBuildFile section */

/* Begin PBXContainerItemProxy section */
		1841D2AF1B311B450057915B /* PBXContainerItemProxy */ = {
			isa = PBXContainerItemProxy;
			containerPortal = 1841D2911B311B440057915B /* Project object */;
			proxyType = 1;
			remoteGlobalIDString = 1841D2981B311B440057915B;
			remoteInfo = SwiftClassP2C6;
		};
/* End PBXContainerItemProxy section */

/* Begin PBXFileReference section */
		1841D2991B311B440057915B /* SwiftClassP2C6.app */ = {isa = PBXFileReference; explicitFileType = wrapper.application; includeInIndex = 0; path = SwiftClassP2C6.app; sourceTree = BUILT_PRODUCTS_DIR; };
		1841D29D1B311B440057915B /* Info.plist */ = {isa = PBXFileReference; lastKnownFileType = text.plist.xml; path = Info.plist; sourceTree = "<group>"; };
		1841D29E1B311B440057915B /* AppDelegate.swift */ = {isa = PBXFileReference; lastKnownFileType = sourcecode.swift; path = AppDelegate.swift; sourceTree = "<group>"; };
		1841D2A01B311B440057915B /* ViewController.swift */ = {isa = PBXFileReference; lastKnownFileType = sourcecode.swift; path = ViewController.swift; sourceTree = "<group>"; };
		1841D2A31B311B440057915B /* Base */ = {isa = PBXFileReference; lastKnownFileType = file.storyboard; name = Base; path = Base.lproj/Main.storyboard; sourceTree = "<group>"; };
		1841D2A51B311B440057915B /* Images.xcassets */ = {isa = PBXFileReference; lastKnownFileType = folder.assetcatalog; path = Images.xcassets; sourceTree = "<group>"; };
		1841D2AE1B311B450057915B /* SwiftClassP2C6Tests.xctest */ = {isa = PBXFileReference; explicitFileType = wrapper.cfbundle; includeInIndex = 0; path = SwiftClassP2C6Tests.xctest; sourceTree = BUILT_PRODUCTS_DIR; };
		1841D2B31B311B450057915B /* Info.plist */ = {isa = PBXFileReference; lastKnownFileType = text.plist.xml; path = Info.plist; sourceTree = "<group>"; };
		1841D2B41B311B450057915B /* SwiftClassP2C6Tests.swift */ = {isa = PBXFileReference; lastKnownFileType = sourcecode.swift; path = SwiftClassP2C6Tests.swift; sourceTree = "<group>"; };
		1841D2BE1B311D650057915B /* View.swift */ = {isa = PBXFileReference; fileEncoding = 4; lastKnownFileType = sourcecode.swift; path = View.swift; sourceTree = "<group>"; };
		1841D2C01B3122CA0057915B /* GestureRecognizerViewController.swift */ = {isa = PBXFileReference; fileEncoding = 4; lastKnownFileType = sourcecode.swift; path = GestureRecognizerViewController.swift; sourceTree = "<group>"; };
/* End PBXFileReference section */

/* Begin PBXFrameworksBuildPhase section */
		1841D2961B311B440057915B /* Frameworks */ = {
			isa = PBXFrameworksBuildPhase;
			buildActionMask = 2147483647;
			files = (
			);
			runOnlyForDeploymentPostprocessing = 0;
		};
		1841D2AB1B311B450057915B /* Frameworks */ = {
			isa = PBXFrameworksBuildPhase;
			buildActionMask = 2147483647;
			files = (
			);
			runOnlyForDeploymentPostprocessing = 0;
		};
/* End PBXFrameworksBuildPhase section */

/* Begin PBXGroup section */
		1841D2901B311B440057915B = {
			isa = PBXGroup;
			children = (
				1841D29B1B311B440057915B /* SwiftClassP2C6 */,
				1841D2B11B311B450057915B /* SwiftClassP2C6Tests */,
				1841D29A1B311B440057915B /* Products */,
			);
			sourceTree = "<group>";
		};
		1841D29A1B311B440057915B /* Products */ = {
			isa = PBXGroup;
			children = (
				1841D2991B311B440057915B /* SwiftClassP2C6.app */,
				1841D2AE1B311B450057915B /* SwiftClassP2C6Tests.xctest */,
			);
			name = Products;
			sourceTree = "<group>";
		};
		1841D29B1B311B440057915B /* SwiftClassP2C6 */ = {
			isa = PBXGroup;
			children = (
				1841D29E1B311B440057915B /* AppDelegate.swift */,
				1841D2A01B311B440057915B /* ViewController.swift */,
				1841D2BE1B311D650057915B /* View.swift */,
				1841D2C01B3122CA0057915B /* GestureRecognizerViewController.swift */,
				1841D2A21B311B440057915B /* Main.storyboard */,
				1841D2A51B311B440057915B /* Images.xcassets */,
				1841D29C1B311B440057915B /* Supporting Files */,
			);
			path = SwiftClassP2C6;
			sourceTree = "<group>";
		};
		1841D29C1B311B440057915B /* Supporting Files */ = {
			isa = PBXGroup;
			children = (
				1841D29D1B311B440057915B /* Info.plist */,
			);
			name = "Supporting Files";
			sourceTree = "<group>";
		};
		1841D2B11B311B450057915B /* SwiftClassP2C6Tests */ = {
			isa = PBXGroup;
			children = (
				1841D2B41B311B450057915B /* SwiftClassP2C6Tests.swift */,
				1841D2B21B311B450057915B /* Supporting Files */,
			);
			path = SwiftClassP2C6Tests;
			sourceTree = "<group>";
		};
		1841D2B21B311B450057915B /* Supporting Files */ = {
			isa = PBXGroup;
			children = (
				1841D2B31B311B450057915B /* Info.plist */,
			);
			name = "Supporting Files";
			sourceTree = "<group>";
		};
/* End PBXGroup section */

/* Begin PBXNativeTarget section */
		1841D2981B311B440057915B /* SwiftClassP2C6 */ = {
			isa = PBXNativeTarget;
			buildConfigurationList = 1841D2B81B311B450057915B /* Build configuration list for PBXNativeTarget "SwiftClassP2C6" */;
			buildPhases = (
				1841D2951B311B440057915B /* Sources */,
				1841D2961B311B440057915B /* Frameworks */,
				1841D2971B311B440057915B /* Resources */,
			);
			buildRules = (
			);
			dependencies = (
			);
			name = SwiftClassP2C6;
			productName = SwiftClassP2C6;
			productReference = 1841D2991B311B440057915B /* SwiftClassP2C6.app */;
			productType = "com.apple.product-type.application";
		};
		1841D2AD1B311B450057915B /* SwiftClassP2C6Tests */ = {
			isa = PBXNativeTarget;
			buildConfigurationList = 1841D2BB1B311B450057915B /* Build configuration list for PBXNativeTarget "SwiftClassP2C6Tests" */;
			buildPhases = (
				1841D2AA1B311B450057915B /* Sources */,
				1841D2AB1B311B450057915B /* Frameworks */,
				1841D2AC1B311B450057915B /* Resources */,
			);
			buildRules = (
			);
			dependencies = (
				1841D2B01B311B450057915B /* PBXTargetDependency */,
			);
			name = SwiftClassP2C6Tests;
			productName = SwiftClassP2C6Tests;
			productReference = 1841D2AE1B311B450057915B /* SwiftClassP2C6Tests.xctest */;
			productType = "com.apple.product-type.bundle.unit-test";
		};
/* End PBXNativeTarget section */

/* Begin PBXProject section */
		1841D2911B311B440057915B /* Project object */ = {
			isa = PBXProject;
			attributes = {
				LastUpgradeCheck = 0630;
				ORGANIZATIONNAME = cipnet;
				TargetAttributes = {
					1841D2981B311B440057915B = {
						CreatedOnToolsVersion = 6.3.1;
					};
					1841D2AD1B311B450057915B = {
						CreatedOnToolsVersion = 6.3.1;
						TestTargetID = 1841D2981B311B440057915B;
					};
				};
			};
			buildConfigurationList = 1841D2941B311B440057915B /* Build configuration list for PBXProject "SwiftClassP2C6" */;
			compatibilityVersion = "Xcode 3.2";
			developmentRegion = English;
			hasScannedForEncodings = 0;
			knownRegions = (
				en,
				Base,
			);
			mainGroup = 1841D2901B311B440057915B;
			productRefGroup = 1841D29A1B311B440057915B /* Products */;
			projectDirPath = "";
			projectRoot = "";
			targets = (
				1841D2981B311B440057915B /* SwiftClassP2C6 */,
				1841D2AD1B311B450057915B /* SwiftClassP2C6Tests */,
			);
		};
/* End PBXProject section */

/* Begin PBXResourcesBuildPhase section */
		1841D2971B311B440057915B /* Resources */ = {
			isa = PBXResourcesBuildPhase;
			buildActionMask = 2147483647;
			files = (
				1841D2A41B311B440057915B /* Main.storyboard in Resources */,
				1841D2A61B311B440057915B /* Images.xcassets in Resources */,
			);
			runOnlyForDeploymentPostprocessing = 0;
		};
		1841D2AC1B311B450057915B /* Resources */ = {
			isa = PBXResourcesBuildPhase;
			buildActionMask = 2147483647;
			files = (
			);
			runOnlyForDeploymentPostprocessing = 0;
		};
/* End PBXResourcesBuildPhase section */

/* Begin PBXSourcesBuildPhase section */
		1841D2951B311B440057915B /* Sources */ = {
			isa = PBXSourcesBuildPhase;
			buildActionMask = 2147483647;
			files = (
				1841D2A11B311B440057915B /* ViewController.swift in Sources */,
				1841D29F1B311B440057915B /* AppDelegate.swift in Sources */,
				1841D2C11B3122CA0057915B /* GestureRecognizerViewController.swift in Sources */,
				1841D2BF1B311D650057915B /* View.swift in Sources */,
			);
			runOnlyForDeploymentPostprocessing = 0;
		};
		1841D2AA1B311B450057915B /* Sources */ = {
			isa = PBXSourcesBuildPhase;
			buildActionMask = 2147483647;
			files = (
				1841D2B51B311B450057915B /* SwiftClassP2C6Tests.swift in Sources */,
			);
			runOnlyForDeploymentPostprocessing = 0;
		};
/* End PBXSourcesBuildPhase section */

/* Begin PBXTargetDependency section */
		1841D2B01B311B450057915B /* PBXTargetDependency */ = {
			isa = PBXTargetDependency;
			target = 1841D2981B311B440057915B /* SwiftClassP2C6 */;
			targetProxy = 1841D2AF1B311B450057915B /* PBXContainerItemProxy */;
		};
/* End PBXTargetDependency section */

/* Begin PBXVariantGroup section */
		1841D2A21B311B440057915B /* Main.storyboard */ = {
			isa = PBXVariantGroup;
			children = (
				1841D2A31B311B440057915B /* Base */,
			);
			name = Main.storyboard;
			sourceTree = "<group>";
		};
/* End PBXVariantGroup section */

/* Begin XCBuildConfiguration section */
		1841D2B61B311B450057915B /* Debug */ = {
			isa = XCBuildConfiguration;
			buildSettings = {
				ALWAYS_SEARCH_USER_PATHS = NO;
				CLANG_CXX_LANGUAGE_STANDARD = "gnu++0x";
				CLANG_CXX_LIBRARY = "libc++";
				CLANG_ENABLE_MODULES = YES;
				CLANG_ENABLE_OBJC_ARC = YES;
				CLANG_WARN_BOOL_CONVERSION = YES;
				CLANG_WARN_CONSTANT_CONVERSION = YES;
				CLANG_WARN_DIRECT_OBJC_ISA_USAGE = YES_ERROR;
				CLANG_WARN_EMPTY_BODY = YES;
				CLANG_WARN_ENUM_CONVERSION = YES;
				CLANG_WARN_INT_CONVERSION = YES;
				CLANG_WARN_OBJC_ROOT_CLASS = YES_ERROR;
				CLANG_WARN_UNREACHABLE_CODE = YES;
				CLANG_WARN__DUPLICATE_METHOD_MATCH = YES;
				"CODE_SIGN_IDENTITY[sdk=iphoneos*]" = "iPhone Developer";
				COPY_PHASE_STRIP = NO;
				DEBUG_INFORMATION_FORMAT = "dwarf-with-dsym";
				ENABLE_STRICT_OBJC_MSGSEND = YES;
				GCC_C_LANGUAGE_STANDARD = gnu99;
				GCC_DYNAMIC_NO_PIC = NO;
				GCC_NO_COMMON_BLOCKS = YES;
				GCC_OPTIMIZATION_LEVEL = 0;
				GCC_PREPROCESSOR_DEFINITIONS = (
					"DEBUG=1",
					"$(inherited)",
				);
				GCC_SYMBOLS_PRIVATE_EXTERN = NO;
				GCC_WARN_64_TO_32_BIT_CONVERSION = YES;
				GCC_WARN_ABOUT_RETURN_TYPE = YES_ERROR;
				GCC_WARN_UNDECLARED_SELECTOR = YES;
				GCC_WARN_UNINITIALIZED_AUTOS = YES_AGGRESSIVE;
				GCC_WARN_UNUSED_FUNCTION = YES;
				GCC_WARN_UNUSED_VARIABLE = YES;
				IPHONEOS_DEPLOYMENT_TARGET = 8.3;
				MTL_ENABLE_DEBUG_INFO = YES;
				ONLY_ACTIVE_ARCH = YES;
				SDKROOT = iphoneos;
				SWIFT_OPTIMIZATION_LEVEL = "-Onone";
			};
			name = Debug;
		};
		1841D2B71B311B450057915B /* Release */ = {
			isa = XCBuildConfiguration;
			buildSettings = {
				ALWAYS_SEARCH_USER_PATHS = NO;
				CLANG_CXX_LANGUAGE_STANDARD = "gnu++0x";
				CLANG_CXX_LIBRARY = "libc++";
				CLANG_ENABLE_MODULES = YES;
				CLANG_ENABLE_OBJC_ARC = YES;
				CLANG_WARN_BOOL_CONVERSION = YES;
				CLANG_WARN_CONSTANT_CONVERSION = YES;
				CLANG_WARN_DIRECT_OBJC_ISA_USAGE = YES_ERROR;
				CLANG_WARN_EMPTY_BODY = YES;
				CLANG_WARN_ENUM_CONVERSION = YES;
				CLANG_WARN_INT_CONVERSION = YES;
				CLANG_WARN_OBJC_ROOT_CLASS = YES_ERROR;
				CLANG_WARN_UNREACHABLE_CODE = YES;
				CLANG_WARN__DUPLICATE_METHOD_MATCH = YES;
				"CODE_SIGN_IDENTITY[sdk=iphoneos*]" = "iPhone Developer";
				COPY_PHASE_STRIP = NO;
				DEBUG_INFORMATION_FORMAT = "dwarf-with-dsym";
				ENABLE_NS_ASSERTIONS = NO;
				ENABLE_STRICT_OBJC_MSGSEND = YES;
				GCC_C_LANGUAGE_STANDARD = gnu99;
				GCC_NO_COMMON_BLOCKS = YES;
				GCC_WARN_64_TO_32_BIT_CONVERSION = YES;
				GCC_WARN_ABOUT_RETURN_TYPE = YES_ERROR;
				GCC_WARN_UNDECLARED_SELECTOR = YES;
				GCC_WARN_UNINITIALIZED_AUTOS = YES_AGGRESSIVE;
				GCC_WARN_UNUSED_FUNCTION = YES;
				GCC_WARN_UNUSED_VARIABLE = YES;
				IPHONEOS_DEPLOYMENT_TARGET = 8.3;
				MTL_ENABLE_DEBUG_INFO = NO;
				SDKROOT = iphoneos;
				VALIDATE_PRODUCT = YES;
			};
			name = Release;
		};
		1841D2B91B311B450057915B /* Debug */ = {
			isa = XCBuildConfiguration;
			buildSettings = {
				ASSETCATALOG_COMPILER_APPICON_NAME = AppIcon;
				ASSETCATALOG_COMPILER_LAUNCHIMAGE_NAME = LaunchImage;
				INFOPLIST_FILE = SwiftClassP2C6/Info.plist;
				LD_RUNPATH_SEARCH_PATHS = "$(inherited) @executable_path/Frameworks";
				PRODUCT_NAME = "$(TARGET_NAME)";
			};
			name = Debug;
		};
		1841D2BA1B311B450057915B /* Release */ = {
			isa = XCBuildConfiguration;
			buildSettings = {
				ASSETCATALOG_COMPILER_APPICON_NAME = AppIcon;
				ASSETCATALOG_COMPILER_LAUNCHIMAGE_NAME = LaunchImage;
				INFOPLIST_FILE = SwiftClassP2C6/Info.plist;
				LD_RUNPATH_SEARCH_PATHS = "$(inherited) @executable_path/Frameworks";
				PRODUCT_NAME = "$(TARGET_NAME)";
			};
			name = Release;
		};
		1841D2BC1B311B450057915B /* Debug */ = {
			isa = XCBuildConfiguration;
			buildSettings = {
				BUNDLE_LOADER = "$(TEST_HOST)";
				FRAMEWORK_SEARCH_PATHS = (
					"$(SDKROOT)/Developer/Library/Frameworks",
					"$(inherited)",
				);
				GCC_PREPROCESSOR_DEFINITIONS = (
					"DEBUG=1",
					"$(inherited)",
				);
				INFOPLIST_FILE = SwiftClassP2C6Tests/Info.plist;
				LD_RUNPATH_SEARCH_PATHS = "$(inherited) @executable_path/Frameworks @loader_path/Frameworks";
				PRODUCT_NAME = "$(TARGET_NAME)";
				TEST_HOST = "$(BUILT_PRODUCTS_DIR)/SwiftClassP2C6.app/SwiftClassP2C6";
			};
			name = Debug;
		};
		1841D2BD1B311B450057915B /* Release */ = {
			isa = XCBuildConfiguration;
			buildSettings = {
				BUNDLE_LOADER = "$(TEST_HOST)";
				FRAMEWORK_SEARCH_PATHS = (
					"$(SDKROOT)/Developer/Library/Frameworks",
					"$(inherited)",
				);
				INFOPLIST_FILE = SwiftClassP2C6Tests/Info.plist;
				LD_RUNPATH_SEARCH_PATHS = "$(inherited) @executable_path/Frameworks @loader_path/Frameworks";
				PRODUCT_NAME = "$(TARGET_NAME)";
				TEST_HOST = "$(BUILT_PRODUCTS_DIR)/SwiftClassP2C6.app/SwiftClassP2C6";
			};
			name = Release;
		};
/* End XCBuildConfiguration section */

/* Begin XCConfigurationList section */
		1841D2941B311B440057915B /* Build configuration list for PBXProject "SwiftClassP2C6" */ = {
			isa = XCConfigurationList;
			buildConfigurations = (
				1841D2B61B311B450057915B /* Debug */,
				1841D2B71B311B450057915B /* Release */,
			);
			defaultConfigurationIsVisible = 0;
			defaultConfigurationName = Release;
		};
		1841D2B81B311B450057915B /* Build configuration list for PBXNativeTarget "SwiftClassP2C6" */ = {
			isa = XCConfigurationList;
			buildConfigurations = (
				1841D2B91B311B450057915B /* Debug */,
				1841D2BA1B311B450057915B /* Release */,
			);
			defaultConfigurationIsVisible = 0;
		};
		1841D2BB1B311B450057915B /* Build configuration list for PBXNativeTarget "SwiftClassP2C6Tests" */ = {
			isa = XCConfigurationList;
			buildConfigurations = (
				1841D2BC1B311B450057915B /* Debug */,
				1841D2BD1B311B450057915B /* Release */,
			);
			defaultConfigurationIsVisible = 0;
		};
/* End XCConfigurationList section */
	};
	rootObject = 1841D2911B311B440057915B /* Project object */;
}
